PODS:
  - libwebp (1.2.1):
    - libwebp/demux (= 1.2.1)
    - libwebp/mux (= 1.2.1)
    - libwebp/webp (= 1.2.1)
  - libwebp/demux (1.2.1):
    - libwebp/webp
  - libwebp/mux (1.2.1):
    - libwebp/demux
  - libwebp/webp (1.2.1)
  - SDWebImage/Core (5.12.5)
  - SDWebImageWebPCoder (0.8.4):
    - libwebp (~> 1.0)
    - SDWebImage/Core (~> 5.10)

DEPENDENCIES:
  - SDWebImageWebPCoder

SPEC REPOS:
  trunk:
    - libwebp
    - SDWebImage
    - SDWebImageWebPCoder

SPEC CHECKSUMS:
  libwebp: 98a37e597e40bfdb4c911fc98f2c53d0b12d05fc
  SDWebImage: 0905f1b7760fc8ac4198cae0036600d67478751e
  SDWebImageWebPCoder: f93010f3f6c031e2f8fb3081ca4ee6966c539815

PODFILE CHECKSUM: 6b1c185a1c3b2ed027aad1f2dac2993d6625bab4

COCOAPODS: 1.11.3
